// !$*UTF8*$!
{
	archiveVersion = 1;
	classes = {
	};
	objectVersion = 50;
	objects = {

/* Begin PBXBuildFile section */
		37F4CB1C22D4E51C00A30027 /* AppDelegate.swift in Sources */ = {isa = PBXBuildFile; fileRef = 37F4CB1B22D4E51C00A30027 /* AppDelegate.swift */; };
		37F4CB1E22D4E51C00A30027 /* SourcesViewController.swift in Sources */ = {isa = PBXBuildFile; fileRef = 37F4CB1D22D4E51C00A30027 /* SourcesViewController.swift */; };
		37F4CB2122D4E51C00A30027 /* Main.storyboard in Resources */ = {isa = PBXBuildFile; fileRef = 37F4CB1F22D4E51C00A30027 /* Main.storyboard */; };
		37F4CB2322D4E51E00A30027 /* Assets.xcassets in Resources */ = {isa = PBXBuildFile; fileRef = 37F4CB2222D4E51E00A30027 /* Assets.xcassets */; };
		37F4CB2622D4E51E00A30027 /* LaunchScreen.storyboard in Resources */ = {isa = PBXBuildFile; fileRef = 37F4CB2422D4E51E00A30027 /* LaunchScreen.storyboard */; };
		37F4CB3122D4E51E00A30027 /* Top_StoriesTests.swift in Sources */ = {isa = PBXBuildFile; fileRef = 37F4CB3022D4E51E00A30027 /* Top_StoriesTests.swift */; };
		37F4CB3C22D4E51E00A30027 /* Top_StoriesUITests.swift in Sources */ = {isa = PBXBuildFile; fileRef = 37F4CB3B22D4E51E00A30027 /* Top_StoriesUITests.swift */; };
		37F4CB4A22D4E87500A30027 /* SwiftyJSON.swift in Sources */ = {isa = PBXBuildFile; fileRef = 37F4CB4922D4E87500A30027 /* SwiftyJSON.swift */; };
		37F4CB4C22D4F53700A30027 /* ArticlesViewController.swift in Sources */ = {isa = PBXBuildFile; fileRef = 37F4CB4B22D4F53700A30027 /* ArticlesViewController.swift */; };
/* End PBXBuildFile section */

/* Begin PBXContainerItemProxy section */
		37F4CB2D22D4E51E00A30027 /* PBXContainerItemProxy */ = {
			isa = PBXContainerItemProxy;
			containerPortal = 37F4CB1022D4E51C00A30027 /* Project object */;
			proxyType = 1;
			remoteGlobalIDString = 37F4CB1722D4E51C00A30027;
			remoteInfo = "Top Stories";
		};
		37F4CB3822D4E51E00A30027 /* PBXContainerItemProxy */ = {
			isa = PBXContainerItemProxy;
			containerPortal = 37F4CB1022D4E51C00A30027 /* Project object */;
			proxyType = 1;
			remoteGlobalIDString = 37F4CB1722D4E51C00A30027;
			remoteInfo = "Top Stories";
		};
/* End PBXContainerItemProxy section */

/* Begin PBXFileReference section */
		37F4CB1822D4E51C00A30027 /* Top Stories.app */ = {isa = PBXFileReference; explicitFileType = wrapper.application; includeInIndex = 0; path = "Top Stories.app"; sourceTree = BUILT_PRODUCTS_DIR; };
		37F4CB1B22D4E51C00A30027 /* AppDelegate.swift */ = {isa = PBXFileReference; lastKnownFileType = sourcecode.swift; path = AppDelegate.swift; sourceTree = "<group>"; };
		37F4CB1D22D4E51C00A30027 /* SourcesViewController.swift */ = {isa = PBXFileReference; lastKnownFileType = sourcecode.swift; path = SourcesViewController.swift; sourceTree = "<group>"; };
		37F4CB2022D4E51C00A30027 /* Base */ = {isa = PBXFileReference; lastKnownFileType = file.storyboard; name = Base; path = Base.lproj/Main.storyboard; sourceTree = "<group>"; };
		37F4CB2222D4E51E00A30027 /* Assets.xcassets */ = {isa = PBXFileReference; lastKnownFileType = folder.assetcatalog; path = Assets.xcassets; sourceTree = "<group>"; };
		37F4CB2522D4E51E00A30027 /* Base */ = {isa = PBXFileReference; lastKnownFileType = file.storyboard; name = Base; path = Base.lproj/LaunchScreen.storyboard; sourceTree = "<group>"; };
		37F4CB2722D4E51E00A30027 /* Info.plist */ = {isa = PBXFileReference; lastKnownFileType = text.plist.xml; path = Info.plist; sourceTree = "<group>"; };
		37F4CB2C22D4E51E00A30027 /* Top StoriesTests.xctest */ = {isa = PBXFileReference; explicitFileType = wrapper.cfbundle; includeInIndex = 0; path = "Top StoriesTests.xctest"; sourceTree = BUILT_PRODUCTS_DIR; };
		37F4CB3022D4E51E00A30027 /* Top_StoriesTests.swift */ = {isa = PBXFileReference; lastKnownFileType = sourcecode.swift; path = Top_StoriesTests.swift; sourceTree = "<group>"; };
		37F4CB3222D4E51E00A30027 /* Info.plist */ = {isa = PBXFileReference; lastKnownFileType = text.plist.xml; path = Info.plist; sourceTree = "<group>"; };
		37F4CB3722D4E51E00A30027 /* Top StoriesUITests.xctest */ = {isa = PBXFileReference; explicitFileType = wrapper.cfbundle; includeInIndex = 0; path = "Top StoriesUITests.xctest"; sourceTree = BUILT_PRODUCTS_DIR; };
		37F4CB3B22D4E51E00A30027 /* Top_StoriesUITests.swift */ = {isa = PBXFileReference; lastKnownFileType = sourcecode.swift; path = Top_StoriesUITests.swift; sourceTree = "<group>"; };
		37F4CB3D22D4E51E00A30027 /* Info.plist */ = {isa = PBXFileReference; lastKnownFileType = text.plist.xml; path = Info.plist; sourceTree = "<group>"; };
		37F4CB4922D4E87500A30027 /* SwiftyJSON.swift */ = {isa = PBXFileReference; fileEncoding = 4; lastKnownFileType = sourcecode.swift; path = SwiftyJSON.swift; sourceTree = "<group>"; };
		37F4CB4B22D4F53700A30027 /* ArticlesViewController.swift */ = {isa = PBXFileReference; lastKnownFileType = sourcecode.swift; path = ArticlesViewController.swift; sourceTree = "<group>"; };
/* End PBXFileReference section */

/* Begin PBXFrameworksBuildPhase section */
		37F4CB1522D4E51C00A30027 /* Frameworks */ = {
			isa = PBXFrameworksBuildPhase;
			buildActionMask = 2147483647;
			files = (
			);
			runOnlyForDeploymentPostprocessing = 0;
		};
		37F4CB2922D4E51E00A30027 /* Frameworks */ = {
			isa = PBXFrameworksBuildPhase;
			buildActionMask = 2147483647;
			files = (
			);
			runOnlyForDeploymentPostprocessing = 0;
		};
		37F4CB3422D4E51E00A30027 /* Frameworks */ = {
			isa = PBXFrameworksBuildPhase;
			buildActionMask = 2147483647;
			files = (
			);
			runOnlyForDeploymentPostprocessing = 0;
		};
/* End PBXFrameworksBuildPhase section */

/* Begin PBXGroup section */
		37F4CB0F22D4E51C00A30027 = {
			isa = PBXGroup;
			children = (
				37F4CB1A22D4E51C00A30027 /* Top Stories */,
				37F4CB2F22D4E51E00A30027 /* Top StoriesTests */,
				37F4CB3A22D4E51E00A30027 /* Top StoriesUITests */,
				37F4CB1922D4E51C00A30027 /* Products */,
			);
			sourceTree = "<group>";
		};
		37F4CB1922D4E51C00A30027 /* Products */ = {
			isa = PBXGroup;
			children = (
				37F4CB1822D4E51C00A30027 /* Top Stories.app */,
				37F4CB2C22D4E51E00A30027 /* Top StoriesTests.xctest */,
				37F4CB3722D4E51E00A30027 /* Top StoriesUITests.xctest */,
			);
			name = Products;
			sourceTree = "<group>";
		};
		37F4CB1A22D4E51C00A30027 /* Top Stories */ = {
			isa = PBXGroup;
			children = (
				37F4CB1B22D4E51C00A30027 /* AppDelegate.swift */,
				37F4CB1D22D4E51C00A30027 /* SourcesViewController.swift */,
				37F4CB1F22D4E51C00A30027 /* Main.storyboard */,
				37F4CB4B22D4F53700A30027 /* ArticlesViewController.swift */,
				37F4CB2222D4E51E00A30027 /* Assets.xcassets */,
				37F4CB2422D4E51E00A30027 /* LaunchScreen.storyboard */,
				37F4CB2722D4E51E00A30027 /* Info.plist */,
				37F4CB4922D4E87500A30027 /* SwiftyJSON.swift */,
			);
			path = "Top Stories";
			sourceTree = "<group>";
		};
		37F4CB2F22D4E51E00A30027 /* Top StoriesTests */ = {
			isa = PBXGroup;
			children = (
				37F4CB3022D4E51E00A30027 /* Top_StoriesTests.swift */,
				37F4CB3222D4E51E00A30027 /* Info.plist */,
			);
			path = "Top StoriesTests";
			sourceTree = "<group>";
		};
		37F4CB3A22D4E51E00A30027 /* Top StoriesUITests */ = {
			isa = PBXGroup;
			children = (
				37F4CB3B22D4E51E00A30027 /* Top_StoriesUITests.swift */,
				37F4CB3D22D4E51E00A30027 /* Info.plist */,
			);
			path = "Top StoriesUITests";
			sourceTree = "<group>";
		};
/* End PBXGroup section */

/* Begin PBXNativeTarget section */
		37F4CB1722D4E51C00A30027 /* Top Stories */ = {
			isa = PBXNativeTarget;
			buildConfigurationList = 37F4CB4022D4E51E00A30027 /* Build configuration list for PBXNativeTarget "Top Stories" */;
			buildPhases = (
				37F4CB1422D4E51C00A30027 /* Sources */,
				37F4CB1522D4E51C00A30027 /* Frameworks */,
				37F4CB1622D4E51C00A30027 /* Resources */,
			);
			buildRules = (
			);
			dependencies = (
			);
			name = "Top Stories";
			productName = "Top Stories";
			productReference = 37F4CB1822D4E51C00A30027 /* Top Stories.app */;
			productType = "com.apple.product-type.application";
		};
		37F4CB2B22D4E51E00A30027 /* Top StoriesTests */ = {
			isa = PBXNativeTarget;
			buildConfigurationList = 37F4CB4322D4E51E00A30027 /* Build configuration list for PBXNativeTarget "Top StoriesTests" */;
			buildPhases = (
				37F4CB2822D4E51E00A30027 /* Sources */,
				37F4CB2922D4E51E00A30027 /* Frameworks */,
				37F4CB2A22D4E51E00A30027 /* Resources */,
			);
			buildRules = (
			);
			dependencies = (
				37F4CB2E22D4E51E00A30027 /* PBXTargetDependency */,
			);
			name = "Top StoriesTests";
			productName = "Top StoriesTests";
			productReference = 37F4CB2C22D4E51E00A30027 /* Top StoriesTests.xctest */;
			productType = "com.apple.product-type.bundle.unit-test";
		};
		37F4CB3622D4E51E00A30027 /* Top StoriesUITests */ = {
			isa = PBXNativeTarget;
			buildConfigurationList = 37F4CB4622D4E51E00A30027 /* Build configuration list for PBXNativeTarget "Top StoriesUITests" */;
			buildPhases = (
				37F4CB3322D4E51E00A30027 /* Sources */,
				37F4CB3422D4E51E00A30027 /* Frameworks */,
				37F4CB3522D4E51E00A30027 /* Resources */,
			);
			buildRules = (
			);
			dependencies = (
				37F4CB3922D4E51E00A30027 /* PBXTargetDependency */,
			);
			name = "Top StoriesUITests";
			productName = "Top StoriesUITests";
			productReference = 37F4CB3722D4E51E00A30027 /* Top StoriesUITests.xctest */;
			productType = "com.apple.product-type.bundle.ui-testing";
		};
/* End PBXNativeTarget section */

/* Begin PBXProject section */
		37F4CB1022D4E51C00A30027 /* Project object */ = {
			isa = PBXProject;
			attributes = {
				LastSwiftUpdateCheck = 1020;
				LastUpgradeCheck = 1020;
				ORGANIZATIONNAME = "Nicolas Yepes";
				TargetAttributes = {
					37F4CB1722D4E51C00A30027 = {
						CreatedOnToolsVersion = 10.2.1;
					};
					37F4CB2B22D4E51E00A30027 = {
						CreatedOnToolsVersion = 10.2.1;
						TestTargetID = 37F4CB1722D4E51C00A30027;
					};
					37F4CB3622D4E51E00A30027 = {
						CreatedOnToolsVersion = 10.2.1;
						TestTargetID = 37F4CB1722D4E51C00A30027;
					};
				};
			};
			buildConfigurationList = 37F4CB1322D4E51C00A30027 /* Build configuration list for PBXProject "Top Stories" */;
			compatibilityVersion = "Xcode 9.3";
			developmentRegion = en;
			hasScannedForEncodings = 0;
			knownRegions = (
				en,
				Base,
			);
			mainGroup = 37F4CB0F22D4E51C00A30027;
			productRefGroup = 37F4CB1922D4E51C00A30027 /* Products */;
			projectDirPath = "";
			projectRoot = "";
			targets = (
				37F4CB1722D4E51C00A30027 /* Top Stories */,
				37F4CB2B22D4E51E00A30027 /* Top StoriesTests */,
				37F4CB3622D4E51E00A30027 /* Top StoriesUITests */,
			);
		};
/* End PBXProject section */

/* Begin PBXResourcesBuildPhase section */
		37F4CB1622D4E51C00A30027 /* Resources */ = {
			isa = PBXResourcesBuildPhase;
			buildActionMask = 2147483647;
			files = (
				37F4CB2622D4E51E00A30027 /* LaunchScreen.storyboard in Resources */,
				37F4CB2322D4E51E00A30027 /* Assets.xcassets in Resources */,
				37F4CB2122D4E51C00A30027 /* Main.storyboard in Resources */,
			);
			runOnlyForDeploymentPostprocessing = 0;
		};
		37F4CB2A22D4E51E00A30027 /* Resources */ = {
			isa = PBXResourcesBuildPhase;
			buildActionMask = 2147483647;
			files = (
			);
			runOnlyForDeploymentPostprocessing = 0;
		};
		37F4CB3522D4E51E00A30027 /* Resources */ = {
			isa = PBXResourcesBuildPhase;
			buildActionMask = 2147483647;
			files = (
			);
			runOnlyForDeploymentPostprocessing = 0;
		};
/* End PBXResourcesBuildPhase section */

/* Begin PBXSourcesBuildPhase section */
		37F4CB1422D4E51C00A30027 /* Sources */ = {
			isa = PBXSourcesBuildPhase;
			buildActionMask = 2147483647;
			files = (
				37F4CB4A22D4E87500A30027 /* SwiftyJSON.swift in Sources */,
				37F4CB4C22D4F53700A30027 /* ArticlesViewController.swift in Sources */,
				37F4CB1E22D4E51C00A30027 /* SourcesViewController.swift in Sources */,
				37F4CB1C22D4E51C00A30027 /* AppDelegate.swift in Sources */,
			);
			runOnlyForDeploymentPostprocessing = 0;
		};
		37F4CB2822D4E51E00A30027 /* Sources */ = {
			isa = PBXSourcesBuildPhase;
			buildActionMask = 2147483647;
			files = (
				37F4CB3122D4E51E00A30027 /* Top_StoriesTests.swift in Sources */,
			);
			runOnlyForDeploymentPostprocessing = 0;
		};
		37F4CB3322D4E51E00A30027 /* Sources */ = {
			isa = PBXSourcesBuildPhase;
			buildActionMask = 2147483647;
			files = (
				37F4CB3C22D4E51E00A30027 /* Top_StoriesUITests.swift in Sources */,
			);
			runOnlyForDeploymentPostprocessing = 0;
		};
/* End PBXSourcesBuildPhase section */

/* Begin PBXTargetDependency section */
		37F4CB2E22D4E51E00A30027 /* PBXTargetDependency */ = {
			isa = PBXTargetDependency;
			target = 37F4CB1722D4E51C00A30027 /* Top Stories */;
			targetProxy = 37F4CB2D22D4E51E00A30027 /* PBXContainerItemProxy */;
		};
		37F4CB3922D4E51E00A30027 /* PBXTargetDependency */ = {
			isa = PBXTargetDependency;
			target = 37F4CB1722D4E51C00A30027 /* Top Stories */;
			targetProxy = 37F4CB3822D4E51E00A30027 /* PBXContainerItemProxy */;
		};
/* End PBXTargetDependency section */

/* Begin PBXVariantGroup section */
		37F4CB1F22D4E51C00A30027 /* Main.storyboard */ = {
			isa = PBXVariantGroup;
			children = (
				37F4CB2022D4E51C00A30027 /* Base */,
			);
			name = Main.storyboard;
			sourceTree = "<group>";
		};
		37F4CB2422D4E51E00A30027 /* LaunchScreen.storyboard */ = {
			isa = PBXVariantGroup;
			children = (
				37F4CB2522D4E51E00A30027 /* Base */,
			);
			name = LaunchScreen.storyboard;
			sourceTree = "<group>";
		};
/* End PBXVariantGroup section */

/* Begin XCBuildConfiguration section */
		37F4CB3E22D4E51E00A30027 /* Debug */ = {
			isa = XCBuildConfiguration;
			buildSettings = {
				ALWAYS_SEARCH_USER_PATHS = NO;
				CLANG_ANALYZER_NONNULL = YES;
				CLANG_ANALYZER_NUMBER_OBJECT_CONVERSION = YES_AGGRESSIVE;
				CLANG_CXX_LANGUAGE_STANDARD = "gnu++14";
				CLANG_CXX_LIBRARY = "libc++";
				CLANG_ENABLE_MODULES = YES;
				CLANG_ENABLE_OBJC_ARC = YES;
				CLANG_ENABLE_OBJC_WEAK = YES;
				CLANG_WARN_BLOCK_CAPTURE_AUTORELEASING = YES;
				CLANG_WARN_BOOL_CONVERSION = YES;
				CLANG_WARN_COMMA = YES;
				CLANG_WARN_CONSTANT_CONVERSION = YES;
				CLANG_WARN_DEPRECATED_OBJC_IMPLEMENTATIONS = YES;
				CLANG_WARN_DIRECT_OBJC_ISA_USAGE = YES_ERROR;
				CLANG_WARN_DOCUMENTATION_COMMENTS = YES;
				CLANG_WARN_EMPTY_BODY = YES;
				CLANG_WARN_ENUM_CONVERSION = YES;
				CLANG_WARN_INFINITE_RECURSION = YES;
				CLANG_WARN_INT_CONVERSION = YES;
				CLANG_WARN_NON_LITERAL_NULL_CONVERSION = YES;
				CLANG_WARN_OBJC_IMPLICIT_RETAIN_SELF = YES;
				CLANG_WARN_OBJC_LITERAL_CONVERSION = YES;
				CLANG_WARN_OBJC_ROOT_CLASS = YES_ERROR;
				CLANG_WARN_RANGE_LOOP_ANALYSIS = YES;
				CLANG_WARN_STRICT_PROTOTYPES = YES;
				CLANG_WARN_SUSPICIOUS_MOVE = YES;
				CLANG_WARN_UNGUARDED_AVAILABILITY = YES_AGGRESSIVE;
				CLANG_WARN_UNREACHABLE_CODE = YES;
				CLANG_WARN__DUPLICATE_METHOD_MATCH = YES;
				CODE_SIGN_IDENTITY = "iPhone Developer";
				COPY_PHASE_STRIP = NO;
				DEBUG_INFORMATION_FORMAT = dwarf;
				ENABLE_STRICT_OBJC_MSGSEND = YES;
				ENABLE_TESTABILITY = YES;
				GCC_C_LANGUAGE_STANDARD = gnu11;
				GCC_DYNAMIC_NO_PIC = NO;
				GCC_NO_COMMON_BLOCKS = YES;
				GCC_OPTIMIZATION_LEVEL = 0;
				GCC_PREPROCESSOR_DEFINITIONS = (
					"DEBUG=1",
					"$(inherited)",
				);
				GCC_WARN_64_TO_32_BIT_CONVERSION = YES;
				GCC_WARN_ABOUT_RETURN_TYPE = YES_ERROR;
				GCC_WARN_UNDECLARED_SELECTOR = YES;
				GCC_WARN_UNINITIALIZED_AUTOS = YES_AGGRESSIVE;
				GCC_WARN_UNUSED_FUNCTION = YES;
				GCC_WARN_UNUSED_VARIABLE = YES;
				IPHONEOS_DEPLOYMENT_TARGET = 12.2;
				MTL_ENABLE_DEBUG_INFO = INCLUDE_SOURCE;
				MTL_FAST_MATH = YES;
				ONLY_ACTIVE_ARCH = YES;
				SDKROOT = iphoneos;
				SWIFT_ACTIVE_COMPILATION_CONDITIONS = DEBUG;
				SWIFT_OPTIMIZATION_LEVEL = "-Onone";
			};
			name = Debug;
		};
		37F4CB3F22D4E51E00A30027 /* Release */ = {
			isa = XCBuildConfiguration;
			buildSettings = {
				ALWAYS_SEARCH_USER_PATHS = NO;
				CLANG_ANALYZER_NONNULL = YES;
				CLANG_ANALYZER_NUMBER_OBJECT_CONVERSION = YES_AGGRESSIVE;
				CLANG_CXX_LANGUAGE_STANDARD = "gnu++14";
				CLANG_CXX_LIBRARY = "libc++";
				CLANG_ENABLE_MODULES = YES;
				CLANG_ENABLE_OBJC_ARC = YES;
				CLANG_ENABLE_OBJC_WEAK = YES;
				CLANG_WARN_BLOCK_CAPTURE_AUTORELEASING = YES;
				CLANG_WARN_BOOL_CONVERSION = YES;
				CLANG_WARN_COMMA = YES;
				CLANG_WARN_CONSTANT_CONVERSION = YES;
				CLANG_WARN_DEPRECATED_OBJC_IMPLEMENTATIONS = YES;
				CLANG_WARN_DIRECT_OBJC_ISA_USAGE = YES_ERROR;
				CLANG_WARN_DOCUMENTATION_COMMENTS = YES;
				CLANG_WARN_EMPTY_BODY = YES;
				CLANG_WARN_ENUM_CONVERSION = YES;
				CLANG_WARN_INFINITE_RECURSION = YES;
				CLANG_WARN_INT_CONVERSION = YES;
				CLANG_WARN_NON_LITERAL_NULL_CONVERSION = YES;
				CLANG_WARN_OBJC_IMPLICIT_RETAIN_SELF = YES;
				CLANG_WARN_OBJC_LITERAL_CONVERSION = YES;
				CLANG_WARN_OBJC_ROOT_CLASS = YES_ERROR;
				CLANG_WARN_RANGE_LOOP_ANALYSIS = YES;
				CLANG_WARN_STRICT_PROTOTYPES = YES;
				CLANG_WARN_SUSPICIOUS_MOVE = YES;
				CLANG_WARN_UNGUARDED_AVAILABILITY = YES_AGGRESSIVE;
				CLANG_WARN_UNREACHABLE_CODE = YES;
				CLANG_WARN__DUPLICATE_METHOD_MATCH = YES;
				CODE_SIGN_IDENTITY = "iPhone Developer";
				COPY_PHASE_STRIP = NO;
				DEBUG_INFORMATION_FORMAT = "dwarf-with-dsym";
				ENABLE_NS_ASSERTIONS = NO;
				ENABLE_STRICT_OBJC_MSGSEND = YES;
				GCC_C_LANGUAGE_STANDARD = gnu11;
				GCC_NO_COMMON_BLOCKS = YES;
				GCC_WARN_64_TO_32_BIT_CONVERSION = YES;
				GCC_WARN_ABOUT_RETURN_TYPE = YES_ERROR;
				GCC_WARN_UNDECLARED_SELECTOR = YES;
				GCC_WARN_UNINITIALIZED_AUTOS = YES_AGGRESSIVE;
				GCC_WARN_UNUSED_FUNCTION = YES;
				GCC_WARN_UNUSED_VARIABLE = YES;
				IPHONEOS_DEPLOYMENT_TARGET = 12.2;
				MTL_ENABLE_DEBUG_INFO = NO;
				MTL_FAST_MATH = YES;
				SDKROOT = iphoneos;
				SWIFT_COMPILATION_MODE = wholemodule;
				SWIFT_OPTIMIZATION_LEVEL = "-O";
				VALIDATE_PRODUCT = YES;
			};
			name = Release;
		};
		37F4CB4122D4E51E00A30027 /* Debug */ = {
			isa = XCBuildConfiguration;
			buildSettings = {
				ASSETCATALOG_COMPILER_APPICON_NAME = AppIcon;
				CODE_SIGN_STYLE = Automatic;
				DEVELOPMENT_TEAM = 96Y42UFR86;
				INFOPLIST_FILE = "Top Stories/Info.plist";
				LD_RUNPATH_SEARCH_PATHS = (
					"$(inherited)",
					"@executable_path/Frameworks",
				);
				PRODUCT_BUNDLE_IDENTIFIER = "Nyepes.Top-Stories";
				PRODUCT_NAME = "$(TARGET_NAME)";
				SWIFT_VERSION = 5.0;
				TARGETED_DEVICE_FAMILY = "1,2";
			};
			name = Debug;
		};
		37F4CB4222D4E51E00A30027 /* Release */ = {
			isa = XCBuildConfiguration;
			buildSettings = {
				ASSETCATALOG_COMPILER_APPICON_NAME = AppIcon;
				CODE_SIGN_STYLE = Automatic;
				DEVELOPMENT_TEAM = 96Y42UFR86;
				INFOPLIST_FILE = "Top Stories/Info.plist";
				LD_RUNPATH_SEARCH_PATHS = (
					"$(inherited)",
					"@executable_path/Frameworks",
				);
				PRODUCT_BUNDLE_IDENTIFIER = "Nyepes.Top-Stories";
				PRODUCT_NAME = "$(TARGET_NAME)";
				SWIFT_VERSION = 5.0;
				TARGETED_DEVICE_FAMILY = "1,2";
			};
			name = Release;
		};
		37F4CB4422D4E51E00A30027 /* Debug */ = {
			isa = XCBuildConfiguration;
			buildSettings = {
				ALWAYS_EMBED_SWIFT_STANDARD_LIBRARIES = YES;
				BUNDLE_LOADER = "$(TEST_HOST)";
				CODE_SIGN_STYLE = Automatic;
				INFOPLIST_FILE = "Top StoriesTests/Info.plist";
				LD_RUNPATH_SEARCH_PATHS = (
					"$(inherited)",
					"@executable_path/Frameworks",
					"@loader_path/Frameworks",
				);
				PRODUCT_BUNDLE_IDENTIFIER = "Nyepes.Top-StoriesTests";
				PRODUCT_NAME = "$(TARGET_NAME)";
				SWIFT_VERSION = 5.0;
				TARGETED_DEVICE_FAMILY = "1,2";
				TEST_HOST = "$(BUILT_PRODUCTS_DIR)/Top Stories.app/Top Stories";
			};
			name = Debug;
		};
		37F4CB4522D4E51E00A30027 /* Release */ = {
			isa = XCBuildConfiguration;
			buildSettings = {
				ALWAYS_EMBED_SWIFT_STANDARD_LIBRARIES = YES;
				BUNDLE_LOADER = "$(TEST_HOST)";
				CODE_SIGN_STYLE = Automatic;
				INFOPLIST_FILE = "Top StoriesTests/Info.plist";
				LD_RUNPATH_SEARCH_PATHS = (
					"$(inherited)",
					"@executable_path/Frameworks",
					"@loader_path/Frameworks",
				);
				PRODUCT_BUNDLE_IDENTIFIER = "Nyepes.Top-StoriesTests";
				PRODUCT_NAME = "$(TARGET_NAME)";
				SWIFT_VERSION = 5.0;
				TARGETED_DEVICE_FAMILY = "1,2";
				TEST_HOST = "$(BUILT_PRODUCTS_DIR)/Top Stories.app/Top Stories";
			};
			name = Release;
		};
		37F4CB4722D4E51E00A30027 /* Debug */ = {
			isa = XCBuildConfiguration;
			buildSettings = {
				ALWAYS_EMBED_SWIFT_STANDARD_LIBRARIES = YES;
				CODE_SIGN_STYLE = Automatic;
				INFOPLIST_FILE = "Top StoriesUITests/Info.plist";
				LD_RUNPATH_SEARCH_PATHS = (
					"$(inherited)",
					"@executable_path/Frameworks",
					"@loader_path/Frameworks",
				);
				PRODUCT_BUNDLE_IDENTIFIER = "Nyepes.Top-StoriesUITests";
				PRODUCT_NAME = "$(TARGET_NAME)";
				SWIFT_VERSION = 5.0;
				TARGETED_DEVICE_FAMILY = "1,2";
				TEST_TARGET_NAME = "Top Stories";
			};
			name = Debug;
		};
		37F4CB4822D4E51E00A30027 /* Release */ = {
			isa = XCBuildConfiguration;
			buildSettings = {
				ALWAYS_EMBED_SWIFT_STANDARD_LIBRARIES = YES;
				CODE_SIGN_STYLE = Automatic;
				INFOPLIST_FILE = "Top StoriesUITests/Info.plist";
				LD_RUNPATH_SEARCH_PATHS = (
					"$(inherited)",
					"@executable_path/Frameworks",
					"@loader_path/Frameworks",
				);
				PRODUCT_BUNDLE_IDENTIFIER = "Nyepes.Top-StoriesUITests";
				PRODUCT_NAME = "$(TARGET_NAME)";
				SWIFT_VERSION = 5.0;
				TARGETED_DEVICE_FAMILY = "1,2";
				TEST_TARGET_NAME = "Top Stories";
			};
			name = Release;
		};
/* End XCBuildConfiguration section */

/* Begin XCConfigurationList section */
		37F4CB1322D4E51C00A30027 /* Build configuration list for PBXProject "Top Stories" */ = {
			isa = XCConfigurationList;
			buildConfigurations = (
				37F4CB3E22D4E51E00A30027 /* Debug */,
				37F4CB3F22D4E51E00A30027 /* Release */,
			);
			defaultConfigurationIsVisible = 0;
			defaultConfigurationName = Release;
		};
		37F4CB4022D4E51E00A30027 /* Build configuration list for PBXNativeTarget "Top Stories" */ = {
			isa = XCConfigurationList;
			buildConfigurations = (
				37F4CB4122D4E51E00A30027 /* Debug */,
				37F4CB4222D4E51E00A30027 /* Release */,
			);
			defaultConfigurationIsVisible = 0;
			defaultConfigurationName = Release;
		};
		37F4CB4322D4E51E00A30027 /* Build configuration list for PBXNativeTarget "Top StoriesTests" */ = {
			isa = XCConfigurationList;
			buildConfigurations = (
				37F4CB4422D4E51E00A30027 /* Debug */,
				37F4CB4522D4E51E00A30027 /* Release */,
			);
			defaultConfigurationIsVisible = 0;
			defaultConfigurationName = Release;
		};
		37F4CB4622D4E51E00A30027 /* Build configuration list for PBXNativeTarget "Top StoriesUITests" */ = {
			isa = XCConfigurationList;
			buildConfigurations = (
				37F4CB4722D4E51E00A30027 /* Debug */,
				37F4CB4822D4E51E00A30027 /* Release */,
			);
			defaultConfigurationIsVisible = 0;
			defaultConfigurationName = Release;
		};
/* End XCConfigurationList section */
	};
	rootObject = 37F4CB1022D4E51C00A30027 /* Project object */;
}
